
Microsoft Visual Studio Solution File, Format Version 12.00
# Visual Studio Version 16
VisualStudioVersion = 16.0.31613.86
MinimumVisualStudioVersion = 10.0.40219.1
Project("{FAE04EC0-301F-11D3-BF4B-00C04F79EFBC}") = "Semana11parte2", "Semana11parte2.csproj", "{D27F6811-4DDC-47B2-8C7F-C133973BA23E}"
EndProject
Global
	GlobalSection(SolutionConfigurationPlatforms) = preSolution
		Debug|Any CPU = Debug|Any CPU
		Release|Any CPU = Release|Any CPU
	EndGlobalSection
	GlobalSection(ProjectConfigurationPlatforms) = postSolution
		{D27F6811-4DDC-47B2-8C7F-C133973BA23E}.Debug|Any CPU.ActiveCfg = Debug|Any CPU
		{D27F6811-4DDC-47B2-8C7F-C133973BA23E}.Debug|Any CPU.Build.0 = Debug|Any CPU
		{D27F6811-4DDC-47B2-8C7F-C133973BA23E}.Release|Any CPU.ActiveCfg = Release|Any CPU
		{D27F6811-4DDC-47B2-8C7F-C133973BA23E}.Release|Any CPU.Build.0 = Release|Any CPU
	EndGlobalSection
	GlobalSection(SolutionProperties) = preSolution
		HideSolutionNode = FALSE
	EndGlobalSection
	GlobalSection(ExtensibilityGlobals) = postSolution
		SolutionGuid = {97F1463A-BEDC-4628-97B2-B7A1534440A8}
	EndGlobalSection
EndGlobal
