
Microsoft Visual Studio Solution File, Format Version 12.00
# Visual Studio Version 16
VisualStudioVersion = 16.0.31613.86
MinimumVisualStudioVersion = 10.0.40219.1
Project("{FAE04EC0-301F-11D3-BF4B-00C04F79EFBC}") = "Semana12Teoria", "Semana12Teoria.csproj", "{098CA564-636D-4083-933E-4A0D07161B58}"
EndProject
Global
	GlobalSection(SolutionConfigurationPlatforms) = preSolution
		Debug|Any CPU = Debug|Any CPU
		Release|Any CPU = Release|Any CPU
	EndGlobalSection
	GlobalSection(ProjectConfigurationPlatforms) = postSolution
		{098CA564-636D-4083-933E-4A0D07161B58}.Debug|Any CPU.ActiveCfg = Debug|Any CPU
		{098CA564-636D-4083-933E-4A0D07161B58}.Debug|Any CPU.Build.0 = Debug|Any CPU
		{098CA564-636D-4083-933E-4A0D07161B58}.Release|Any CPU.ActiveCfg = Release|Any CPU
		{098CA564-636D-4083-933E-4A0D07161B58}.Release|Any CPU.Build.0 = Release|Any CPU
	EndGlobalSection
	GlobalSection(SolutionProperties) = preSolution
		HideSolutionNode = FALSE
	EndGlobalSection
	GlobalSection(ExtensibilityGlobals) = postSolution
		SolutionGuid = {43573D41-8B1A-4156-89C0-A3ADDA2BD743}
	EndGlobalSection
EndGlobal
