
Microsoft Visual Studio Solution File, Format Version 12.00
# Visual Studio Version 16
VisualStudioVersion = 16.0.31613.86
MinimumVisualStudioVersion = 10.0.40219.1
Project("{FAE04EC0-301F-11D3-BF4B-00C04F79EFBC}") = "Semana10_ABH", "Semana10_ABH.csproj", "{00B0183F-9340-4BDE-B92D-5A988C936718}"
EndProject
Global
	GlobalSection(SolutionConfigurationPlatforms) = preSolution
		Debug|Any CPU = Debug|Any CPU
		Release|Any CPU = Release|Any CPU
	EndGlobalSection
	GlobalSection(ProjectConfigurationPlatforms) = postSolution
		{00B0183F-9340-4BDE-B92D-5A988C936718}.Debug|Any CPU.ActiveCfg = Debug|Any CPU
		{00B0183F-9340-4BDE-B92D-5A988C936718}.Debug|Any CPU.Build.0 = Debug|Any CPU
		{00B0183F-9340-4BDE-B92D-5A988C936718}.Release|Any CPU.ActiveCfg = Release|Any CPU
		{00B0183F-9340-4BDE-B92D-5A988C936718}.Release|Any CPU.Build.0 = Release|Any CPU
	EndGlobalSection
	GlobalSection(SolutionProperties) = preSolution
		HideSolutionNode = FALSE
	EndGlobalSection
	GlobalSection(ExtensibilityGlobals) = postSolution
		SolutionGuid = {2A2CB819-8E95-4534-8FF0-F0E15B04B697}
	EndGlobalSection
EndGlobal
