
Microsoft Visual Studio Solution File, Format Version 12.00
# Visual Studio Version 16
VisualStudioVersion = 16.0.31613.86
MinimumVisualStudioVersion = 10.0.40219.1
Project("{FAE04EC0-301F-11D3-BF4B-00C04F79EFBC}") = "Alejandro_Blanco_1142821_S8T", "Alejandro_Blanco_1142821_S8T.csproj", "{2296AECD-7E0B-4BEC-9D62-01C43D845035}"
EndProject
Global
	GlobalSection(SolutionConfigurationPlatforms) = preSolution
		Debug|Any CPU = Debug|Any CPU
		Release|Any CPU = Release|Any CPU
	EndGlobalSection
	GlobalSection(ProjectConfigurationPlatforms) = postSolution
		{2296AECD-7E0B-4BEC-9D62-01C43D845035}.Debug|Any CPU.ActiveCfg = Debug|Any CPU
		{2296AECD-7E0B-4BEC-9D62-01C43D845035}.Debug|Any CPU.Build.0 = Debug|Any CPU
		{2296AECD-7E0B-4BEC-9D62-01C43D845035}.Release|Any CPU.ActiveCfg = Release|Any CPU
		{2296AECD-7E0B-4BEC-9D62-01C43D845035}.Release|Any CPU.Build.0 = Release|Any CPU
	EndGlobalSection
	GlobalSection(SolutionProperties) = preSolution
		HideSolutionNode = FALSE
	EndGlobalSection
	GlobalSection(ExtensibilityGlobals) = postSolution
		SolutionGuid = {BD70F7FF-1635-4A6B-B5F5-205C0D79E1F0}
	EndGlobalSection
EndGlobal
